
Microsoft Visual Studio Solution File, Format Version 12.00
# Visual Studio Version 16
VisualStudioVersion = 16.0.30611.23
MinimumVisualStudioVersion = 10.0.40219.1
Project("{8BC9CEB8-8B4A-11D0-8D11-00A0C91BC942}") = "lab6.4_rec", "lab6.4_rec.vcxproj", "{C61189BA-3208-4D9F-B68F-593281953CEE}"
EndProject
Project("{8BC9CEB8-8B4A-11D0-8D11-00A0C91BC942}") = "UnitTest1", "UnitTest1\UnitTest1.vcxproj", "{AD8424E9-308C-4AFB-BC91-B22C4C31D786}"
EndProject
Global
	GlobalSection(SolutionConfigurationPlatforms) = preSolution
		Debug|x64 = Debug|x64
		Debug|x86 = Debug|x86
		Release|x64 = Release|x64
		Release|x86 = Release|x86
	EndGlobalSection
	GlobalSection(ProjectConfigurationPlatforms) = postSolution
		{C61189BA-3208-4D9F-B68F-593281953CEE}.Debug|x64.ActiveCfg = Debug|x64
		{C61189BA-3208-4D9F-B68F-593281953CEE}.Debug|x64.Build.0 = Debug|x64
		{C61189BA-3208-4D9F-B68F-593281953CEE}.Debug|x86.ActiveCfg = Debug|Win32
		{C61189BA-3208-4D9F-B68F-593281953CEE}.Debug|x86.Build.0 = Debug|Win32
		{C61189BA-3208-4D9F-B68F-593281953CEE}.Release|x64.ActiveCfg = Release|x64
		{C61189BA-3208-4D9F-B68F-593281953CEE}.Release|x64.Build.0 = Release|x64
		{C61189BA-3208-4D9F-B68F-593281953CEE}.Release|x86.ActiveCfg = Release|Win32
		{C61189BA-3208-4D9F-B68F-593281953CEE}.Release|x86.Build.0 = Release|Win32
		{AD8424E9-308C-4AFB-BC91-B22C4C31D786}.Debug|x64.ActiveCfg = Debug|x64
		{AD8424E9-308C-4AFB-BC91-B22C4C31D786}.Debug|x64.Build.0 = Debug|x64
		{AD8424E9-308C-4AFB-BC91-B22C4C31D786}.Debug|x86.ActiveCfg = Debug|Win32
		{AD8424E9-308C-4AFB-BC91-B22C4C31D786}.Debug|x86.Build.0 = Debug|Win32
		{AD8424E9-308C-4AFB-BC91-B22C4C31D786}.Release|x64.ActiveCfg = Release|x64
		{AD8424E9-308C-4AFB-BC91-B22C4C31D786}.Release|x64.Build.0 = Release|x64
		{AD8424E9-308C-4AFB-BC91-B22C4C31D786}.Release|x86.ActiveCfg = Release|Win32
		{AD8424E9-308C-4AFB-BC91-B22C4C31D786}.Release|x86.Build.0 = Release|Win32
	EndGlobalSection
	GlobalSection(SolutionProperties) = preSolution
		HideSolutionNode = FALSE
	EndGlobalSection
	GlobalSection(ExtensibilityGlobals) = postSolution
		SolutionGuid = {94B421BB-7D17-49D8-8BDE-A3CC712620EB}
	EndGlobalSection
EndGlobal
